
Microsoft Visual Studio Solution File, Format Version 12.00
# Visual Studio Version 17
VisualStudioVersion = 17.0.31903.59
MinimumVisualStudioVersion = 10.0.40219.1
Project("{FAE04EC0-301F-11D3-BF4B-00C04F79EFBC}") = "CleanArchitectureECommerce.Core", "CleanArchitectureECommerce.Core\CleanArchitectureECommerce.Core.csproj", "{F477C6BA-BD7E-4A76-944C-C8F31D5FB7D0}"
EndProject
Project("{FAE04EC0-301F-11D3-BF4B-00C04F79EFBC}") = "CleanArchitectureECommerce.Application", "CleanArchitectureECommerce.Application\CleanArchitectureECommerce.Application.csproj", "{9F839D57-7995-4DBD-8791-5BDC5B38E733}"
EndProject
Project("{FAE04EC0-301F-11D3-BF4B-00C04F79EFBC}") = "CleanArchitectureECommerce.Infrastructure", "CleanArchitectureECommerce.Infrastructure\CleanArchitectureECommerce.Infrastructure.csproj", "{45C4779A-1C1A-4B0F-8C9F-887F32098C54}"
EndProject
Project("{FAE04EC0-301F-11D3-BF4B-00C04F79EFBC}") = "CleanArchitectureECommerce.WebApi", "CleanArchitectureECommerce.WebApi\CleanArchitectureECommerce.WebApi.csproj", "{ECF58B1B-3C5B-4C5F-9B2E-FBD2D81B7979}"
EndProject
Global
	GlobalSection(SolutionConfigurationPlatforms) = preSolution
		Debug|Any CPU = Debug|Any CPU
		Release|Any CPU = Release|Any CPU
	EndGlobalSection
	GlobalSection(SolutionProperties) = preSolution
		HideSolutionNode = FALSE
	EndGlobalSection
	GlobalSection(ProjectConfigurationPlatforms) = postSolution
		{F477C6BA-BD7E-4A76-944C-C8F31D5FB7D0}.Debug|Any CPU.ActiveCfg = Debug|Any CPU
		{F477C6BA-BD7E-4A76-944C-C8F31D5FB7D0}.Debug|Any CPU.Build.0 = Debug|Any CPU
		{F477C6BA-BD7E-4A76-944C-C8F31D5FB7D0}.Release|Any CPU.ActiveCfg = Release|Any CPU
		{F477C6BA-BD7E-4A76-944C-C8F31D5FB7D0}.Release|Any CPU.Build.0 = Release|Any CPU
		{9F839D57-7995-4DBD-8791-5BDC5B38E733}.Debug|Any CPU.ActiveCfg = Debug|Any CPU
		{9F839D57-7995-4DBD-8791-5BDC5B38E733}.Debug|Any CPU.Build.0 = Debug|Any CPU
		{9F839D57-7995-4DBD-8791-5BDC5B38E733}.Release|Any CPU.ActiveCfg = Release|Any CPU
		{9F839D57-7995-4DBD-8791-5BDC5B38E733}.Release|Any CPU.Build.0 = Release|Any CPU
		{45C4779A-1C1A-4B0F-8C9F-887F32098C54}.Debug|Any CPU.ActiveCfg = Debug|Any CPU
		{45C4779A-1C1A-4B0F-8C9F-887F32098C54}.Debug|Any CPU.Build.0 = Debug|Any CPU
		{45C4779A-1C1A-4B0F-8C9F-887F32098C54}.Release|Any CPU.ActiveCfg = Release|Any CPU
		{45C4779A-1C1A-4B0F-8C9F-887F32098C54}.Release|Any CPU.Build.0 = Release|Any CPU
		{ECF58B1B-3C5B-4C5F-9B2E-FBD2D81B7979}.Debug|Any CPU.ActiveCfg = Debug|Any CPU
		{ECF58B1B-3C5B-4C5F-9B2E-FBD2D81B7979}.Debug|Any CPU.Build.0 = Debug|Any CPU
		{ECF58B1B-3C5B-4C5F-9B2E-FBD2D81B7979}.Release|Any CPU.ActiveCfg = Release|Any CPU
		{ECF58B1B-3C5B-4C5F-9B2E-FBD2D81B7979}.Release|Any CPU.Build.0 = Release|Any CPU
	EndGlobalSection
EndGlobal
